{
  "name": "specification-generator",
  "version": "1.0.0",
  "lockfileVersion": 2,
  "requires": true,
  "packages": {
    "": {
      "name": "specification-generator",
      "version": "1.0.0",
      "dependencies": {
        "cors": "^2.8.5",
        "express": "^4.18.2",
        "multer": "^1.4.5-lts.1"
      }
    },
    "node_modules/cors": {
      "version": "2.8.5",
      "resolved": "https://registry.npmjs.org/cors/-/cors-2.8.5.tgz",
      "integrity": "sha512-QJ7f1e6xxr5KoYXQZ1hA3ZyO6C3VkBGzhRoFdyoZ4VhOd1bFlpsDLmXxWOUUf2y1UqgjE9pOoZ0D00zjO29UHg=="
    },
    "node_modules/express": {
      "version": "4.18.2",
      "resolved": "https://registry.npmjs.org/express/-/express-4.18.2.tgz",
      "integrity": "sha512-5/PsL7zA6dHMFWhd0LFaEM6FY6VvJqUVJx0VBzRQdLh+Kc+dVflDPWxZ9VDiS0xzqqrxPe3CPS1R1HjDP+o8Wg=="
    },
    "node_modules/multer": {
      "version": "1.4.5-lts.1",
      "resolved": "https://registry.npmjs.org/multer/-/multer-1.4.5-lts.1.tgz",
      "integrity": "sha512-jokLu0Kvzv2qS1N7rWNHkoWJ0kqv3qf+3c3HOa5V4VfXNwHszF6KPqTj6zZyWZpYtAkWjDlvu+OSjhvX+lyPKQ=="
    }
  }
}